
Microsoft Visual Studio Solution File, Format Version 12.00
# Visual Studio 15
VisualStudioVersion = 15.0.26730.3
MinimumVisualStudioVersion = 10.0.40219.1
Project("{2150E333-8FDC-42A3-9474-1A3956D46DE8}") = "Main", "Main", "{DCF437E9-6E01-489C-B3C1-2926CE56DBEE}"
EndProject
Project("{2150E333-8FDC-42A3-9474-1A3956D46DE8}") = "Runners", "Runners", "{1D041038-9C4E-4E18-A3EA-C163C49D348E}"
EndProject
Project("{2150E333-8FDC-42A3-9474-1A3956D46DE8}") = "Solution Items", "Solution Items", "{496751CD-8EC7-4196-8DC5-34A96FFC44C7}"
EndProject
Project("{9A19103F-16F7-4668-BE54-9A1E7A4F7556}") = "Core", "src\Core\Core.csproj", "{2668B3D4-F417-4BAE-A046-5413E3CC0CBD}"
EndProject
Project("{9A19103F-16F7-4668-BE54-9A1E7A4F7556}") = "AzureRepositories", "src\AzureRepositories\AzureRepositories.csproj", "{91FC88D1-CA8A-484E-A68A-78C9229EB416}"
EndProject
Project("{9A19103F-16F7-4668-BE54-9A1E7A4F7556}") = "ChronobankApi", "src\ChronobankApi\ChronobankApi.csproj", "{ACD14BE5-B6A7-47D2-B2FE-6B9C33B3797C}"
EndProject
Project("{9A19103F-16F7-4668-BE54-9A1E7A4F7556}") = "ChronobankJob", "src\ChronobankJob\ChronobankJob.csproj", "{61E833C8-2CE9-4199-ABC5-BB7A787D856B}"
EndProject
Project("{9A19103F-16F7-4668-BE54-9A1E7A4F7556}") = "ApiRunner", "src\ApiRunner\ApiRunner.csproj", "{32ED9A10-591C-4EEF-8C30-AF5BD690FA0D}"
EndProject
Project("{9A19103F-16F7-4668-BE54-9A1E7A4F7556}") = "JobRunner", "src\JobRunner\JobRunner.csproj", "{2C460B14-CA66-4B5B-966C-A32E569929C8}"
EndProject
Project("{9A19103F-16F7-4668-BE54-9A1E7A4F7556}") = "LkeServices", "src\LkeServices\LkeServices.csproj", "{D57A254F-AEB6-4EDB-B9EF-A6ED13711EF4}"
EndProject
Project("{9A19103F-16F7-4668-BE54-9A1E7A4F7556}") = "ContractBuilder", "src\ContractBuilder\ContractBuilder.csproj", "{D05F3DC5-59C5-45A5-B5A3-0FDBBAD0B700}"
EndProject
Project("{9A19103F-16F7-4668-BE54-9A1E7A4F7556}") = "Tests", "test\Tests\Tests.csproj", "{7AD7C527-ABAB-4A77-A3EE-96B1BC3875B1}"
EndProject
Global
	GlobalSection(SolutionConfigurationPlatforms) = preSolution
		Debug|Any CPU = Debug|Any CPU
		Release|Any CPU = Release|Any CPU
	EndGlobalSection
	GlobalSection(ProjectConfigurationPlatforms) = postSolution
		{2668B3D4-F417-4BAE-A046-5413E3CC0CBD}.Debug|Any CPU.ActiveCfg = Debug|Any CPU
		{2668B3D4-F417-4BAE-A046-5413E3CC0CBD}.Debug|Any CPU.Build.0 = Debug|Any CPU
		{2668B3D4-F417-4BAE-A046-5413E3CC0CBD}.Release|Any CPU.ActiveCfg = Release|Any CPU
		{2668B3D4-F417-4BAE-A046-5413E3CC0CBD}.Release|Any CPU.Build.0 = Release|Any CPU
		{91FC88D1-CA8A-484E-A68A-78C9229EB416}.Debug|Any CPU.ActiveCfg = Debug|Any CPU
		{91FC88D1-CA8A-484E-A68A-78C9229EB416}.Debug|Any CPU.Build.0 = Debug|Any CPU
		{91FC88D1-CA8A-484E-A68A-78C9229EB416}.Release|Any CPU.ActiveCfg = Release|Any CPU
		{91FC88D1-CA8A-484E-A68A-78C9229EB416}.Release|Any CPU.Build.0 = Release|Any CPU
		{ACD14BE5-B6A7-47D2-B2FE-6B9C33B3797C}.Debug|Any CPU.ActiveCfg = Debug|Any CPU
		{ACD14BE5-B6A7-47D2-B2FE-6B9C33B3797C}.Debug|Any CPU.Build.0 = Debug|Any CPU
		{ACD14BE5-B6A7-47D2-B2FE-6B9C33B3797C}.Release|Any CPU.ActiveCfg = Release|Any CPU
		{ACD14BE5-B6A7-47D2-B2FE-6B9C33B3797C}.Release|Any CPU.Build.0 = Release|Any CPU
		{61E833C8-2CE9-4199-ABC5-BB7A787D856B}.Debug|Any CPU.ActiveCfg = Debug|Any CPU
		{61E833C8-2CE9-4199-ABC5-BB7A787D856B}.Debug|Any CPU.Build.0 = Debug|Any CPU
		{61E833C8-2CE9-4199-ABC5-BB7A787D856B}.Release|Any CPU.ActiveCfg = Release|Any CPU
		{61E833C8-2CE9-4199-ABC5-BB7A787D856B}.Release|Any CPU.Build.0 = Release|Any CPU
		{32ED9A10-591C-4EEF-8C30-AF5BD690FA0D}.Debug|Any CPU.ActiveCfg = Debug|Any CPU
		{32ED9A10-591C-4EEF-8C30-AF5BD690FA0D}.Debug|Any CPU.Build.0 = Debug|Any CPU
		{32ED9A10-591C-4EEF-8C30-AF5BD690FA0D}.Release|Any CPU.ActiveCfg = Release|Any CPU
		{32ED9A10-591C-4EEF-8C30-AF5BD690FA0D}.Release|Any CPU.Build.0 = Release|Any CPU
		{2C460B14-CA66-4B5B-966C-A32E569929C8}.Debug|Any CPU.ActiveCfg = Debug|Any CPU
		{2C460B14-CA66-4B5B-966C-A32E569929C8}.Debug|Any CPU.Build.0 = Debug|Any CPU
		{2C460B14-CA66-4B5B-966C-A32E569929C8}.Release|Any CPU.ActiveCfg = Release|Any CPU
		{2C460B14-CA66-4B5B-966C-A32E569929C8}.Release|Any CPU.Build.0 = Release|Any CPU
		{D57A254F-AEB6-4EDB-B9EF-A6ED13711EF4}.Debug|Any CPU.ActiveCfg = Debug|Any CPU
		{D57A254F-AEB6-4EDB-B9EF-A6ED13711EF4}.Debug|Any CPU.Build.0 = Debug|Any CPU
		{D57A254F-AEB6-4EDB-B9EF-A6ED13711EF4}.Release|Any CPU.ActiveCfg = Release|Any CPU
		{D57A254F-AEB6-4EDB-B9EF-A6ED13711EF4}.Release|Any CPU.Build.0 = Release|Any CPU
		{D05F3DC5-59C5-45A5-B5A3-0FDBBAD0B700}.Debug|Any CPU.ActiveCfg = Debug|Any CPU
		{D05F3DC5-59C5-45A5-B5A3-0FDBBAD0B700}.Debug|Any CPU.Build.0 = Debug|Any CPU
		{D05F3DC5-59C5-45A5-B5A3-0FDBBAD0B700}.Release|Any CPU.ActiveCfg = Release|Any CPU
		{D05F3DC5-59C5-45A5-B5A3-0FDBBAD0B700}.Release|Any CPU.Build.0 = Release|Any CPU
		{7AD7C527-ABAB-4A77-A3EE-96B1BC3875B1}.Debug|Any CPU.ActiveCfg = Debug|Any CPU
		{7AD7C527-ABAB-4A77-A3EE-96B1BC3875B1}.Debug|Any CPU.Build.0 = Debug|Any CPU
		{7AD7C527-ABAB-4A77-A3EE-96B1BC3875B1}.Release|Any CPU.ActiveCfg = Release|Any CPU
		{7AD7C527-ABAB-4A77-A3EE-96B1BC3875B1}.Release|Any CPU.Build.0 = Release|Any CPU
	EndGlobalSection
	GlobalSection(SolutionProperties) = preSolution
		HideSolutionNode = FALSE
	EndGlobalSection
	GlobalSection(NestedProjects) = preSolution
		{2668B3D4-F417-4BAE-A046-5413E3CC0CBD} = {DCF437E9-6E01-489C-B3C1-2926CE56DBEE}
		{91FC88D1-CA8A-484E-A68A-78C9229EB416} = {DCF437E9-6E01-489C-B3C1-2926CE56DBEE}
		{32ED9A10-591C-4EEF-8C30-AF5BD690FA0D} = {1D041038-9C4E-4E18-A3EA-C163C49D348E}
		{2C460B14-CA66-4B5B-966C-A32E569929C8} = {1D041038-9C4E-4E18-A3EA-C163C49D348E}
		{D57A254F-AEB6-4EDB-B9EF-A6ED13711EF4} = {DCF437E9-6E01-489C-B3C1-2926CE56DBEE}
	EndGlobalSection
	GlobalSection(ExtensibilityGlobals) = postSolution
		SolutionGuid = {3BA2D04A-39E2-431E-9A9A-2C0E63859E92}
	EndGlobalSection
EndGlobal
